
Microsoft Visual Studio Solution File, Format Version 12.00
# Visual Studio Version 16
VisualStudioVersion = 16.0.31410.357
MinimumVisualStudioVersion = 10.0.40219.1
Project("{FAE04EC0-301F-11D3-BF4B-00C04F79EFBC}") = "GSM UI", "GSM UI\GSM UI.csproj", "{EF14C1DB-E05B-4F4C-B752-0E9878F97E38}"
EndProject
Global
	GlobalSection(SolutionConfigurationPlatforms) = preSolution
		Debug|Any CPU = Debug|Any CPU
		Release|Any CPU = Release|Any CPU
	EndGlobalSection
	GlobalSection(ProjectConfigurationPlatforms) = postSolution
		{EF14C1DB-E05B-4F4C-B752-0E9878F97E38}.Debug|Any CPU.ActiveCfg = Debug|Any CPU
		{EF14C1DB-E05B-4F4C-B752-0E9878F97E38}.Debug|Any CPU.Build.0 = Debug|Any CPU
		{EF14C1DB-E05B-4F4C-B752-0E9878F97E38}.Release|Any CPU.ActiveCfg = Release|Any CPU
		{EF14C1DB-E05B-4F4C-B752-0E9878F97E38}.Release|Any CPU.Build.0 = Release|Any CPU
	EndGlobalSection
	GlobalSection(SolutionProperties) = preSolution
		HideSolutionNode = FALSE
	EndGlobalSection
	GlobalSection(ExtensibilityGlobals) = postSolution
		SolutionGuid = {4A87197A-5691-4065-8578-42013F2DC7DA}
	EndGlobalSection
EndGlobal
